
Microsoft Visual Studio Solution File, Format Version 12.00
# Visual Studio 2015
Project("{FAE04EC0-301F-11D3-BF4B-00C04F79EFBC}") = "UFO AR test", "UFO AR test.csproj", "{CE3D196C-6A6B-F863-2F45-B76D3970B4E0}"
EndProject
Project("{FAE04EC0-301F-11D3-BF4B-00C04F79EFBC}") = "UFO AR test.Editor", "UFO AR test.Editor.csproj", "{DCA03F42-A10E-F833-512B-BAB839BFD8B8}"
EndProject
Global
	GlobalSection(SolutionConfigurationPlatforms) = preSolution
		Debug|Any CPU = Debug|Any CPU
		Release|Any CPU = Release|Any CPU
	EndGlobalSection
	GlobalSection(ProjectConfigurationPlatforms) = postSolution
		{CE3D196C-6A6B-F863-2F45-B76D3970B4E0}.Debug|Any CPU.ActiveCfg = Debug|Any CPU
		{CE3D196C-6A6B-F863-2F45-B76D3970B4E0}.Debug|Any CPU.Build.0 = Debug|Any CPU
		{CE3D196C-6A6B-F863-2F45-B76D3970B4E0}.Release|Any CPU.ActiveCfg = Release|Any CPU
		{CE3D196C-6A6B-F863-2F45-B76D3970B4E0}.Release|Any CPU.Build.0 = Release|Any CPU
		{DCA03F42-A10E-F833-512B-BAB839BFD8B8}.Debug|Any CPU.ActiveCfg = Debug|Any CPU
		{DCA03F42-A10E-F833-512B-BAB839BFD8B8}.Debug|Any CPU.Build.0 = Debug|Any CPU
		{DCA03F42-A10E-F833-512B-BAB839BFD8B8}.Release|Any CPU.ActiveCfg = Release|Any CPU
		{DCA03F42-A10E-F833-512B-BAB839BFD8B8}.Release|Any CPU.Build.0 = Release|Any CPU
	EndGlobalSection
	GlobalSection(SolutionProperties) = preSolution
		HideSolutionNode = FALSE
	EndGlobalSection
EndGlobal
